// !$*UTF8*$!
{
	archiveVersion = 1;
	classes = {
	};
	objectVersion = 46;
	objects = {

/* Begin PBXBuildFile section */
		430175E91CF2CA030051D8C9 /* AppDelegate.swift in Sources */ = {isa = PBXBuildFile; fileRef = 430175E81CF2CA030051D8C9 /* AppDelegate.swift */; };
		430175ED1CF2CA030051D8C9 /* Assets.xcassets in Resources */ = {isa = PBXBuildFile; fileRef = 430175EC1CF2CA030051D8C9 /* Assets.xcassets */; };
		430175F01CF2CA030051D8C9 /* Main.storyboard in Resources */ = {isa = PBXBuildFile; fileRef = 430175EE1CF2CA030051D8C9 /* Main.storyboard */; };
		430175F91CF2CBA30051D8C9 /* AutoLaunchHelper.swift in Sources */ = {isa = PBXBuildFile; fileRef = 430175F81CF2CBA30051D8C9 /* AutoLaunchHelper.swift */; };
		430175FB1CF2CBCF0051D8C9 /* SystemThemeChangeHelper.swift in Sources */ = {isa = PBXBuildFile; fileRef = 430175FA1CF2CBCF0051D8C9 /* SystemThemeChangeHelper.swift */; };
		430175FD1CF2CC0D0051D8C9 /* StatusItemView.swift in Sources */ = {isa = PBXBuildFile; fileRef = 430175FC1CF2CC0D0051D8C9 /* StatusItemView.swift */; };
		436AB3951D0FD81600D40F37 /* Localizable.strings in Resources */ = {isa = PBXBuildFile; fileRef = 436AB3971D0FD81600D40F37 /* Localizable.strings */; };
		4382318E1D01BCD40090FAC9 /* NetWorkMonitor.swift in Sources */ = {isa = PBXBuildFile; fileRef = 4382318D1D01BCD40090FAC9 /* NetWorkMonitor.swift */; };
/* End PBXBuildFile section */

/* Begin PBXFileReference section */
		430175E51CF2CA030051D8C9 /* Up&Down.app */ = {isa = PBXFileReference; explicitFileType = wrapper.application; includeInIndex = 0; path = "Up&Down.app"; sourceTree = BUILT_PRODUCTS_DIR; };
		430175E81CF2CA030051D8C9 /* AppDelegate.swift */ = {isa = PBXFileReference; lastKnownFileType = sourcecode.swift; path = AppDelegate.swift; sourceTree = "<group>"; };
		430175EC1CF2CA030051D8C9 /* Assets.xcassets */ = {isa = PBXFileReference; lastKnownFileType = folder.assetcatalog; path = Assets.xcassets; sourceTree = "<group>"; };
		430175EF1CF2CA030051D8C9 /* Base */ = {isa = PBXFileReference; lastKnownFileType = file.storyboard; name = Base; path = Base.lproj/Main.storyboard; sourceTree = "<group>"; };
		430175F11CF2CA030051D8C9 /* Info.plist */ = {isa = PBXFileReference; lastKnownFileType = text.plist.xml; path = Info.plist; sourceTree = "<group>"; };
		430175F81CF2CBA30051D8C9 /* AutoLaunchHelper.swift */ = {isa = PBXFileReference; fileEncoding = 4; lastKnownFileType = sourcecode.swift; path = AutoLaunchHelper.swift; sourceTree = "<group>"; };
		430175FA1CF2CBCF0051D8C9 /* SystemThemeChangeHelper.swift */ = {isa = PBXFileReference; fileEncoding = 4; lastKnownFileType = sourcecode.swift; path = SystemThemeChangeHelper.swift; sourceTree = "<group>"; };
		430175FC1CF2CC0D0051D8C9 /* StatusItemView.swift */ = {isa = PBXFileReference; fileEncoding = 4; lastKnownFileType = sourcecode.swift; path = StatusItemView.swift; sourceTree = "<group>"; };
		436AB3961D0FD81600D40F37 /* en */ = {isa = PBXFileReference; lastKnownFileType = text.plist.strings; name = en; path = en.lproj/Localizable.strings; sourceTree = "<group>"; };
		436AB3991D0FD8D200D40F37 /* zh-Hans */ = {isa = PBXFileReference; lastKnownFileType = text.plist.strings; name = "zh-Hans"; path = "zh-Hans.lproj/Localizable.strings"; sourceTree = "<group>"; };
		436AB39A1D0FDD8B00D40F37 /* Base */ = {isa = PBXFileReference; lastKnownFileType = text.plist.strings; name = Base; path = Base.lproj/Localizable.strings; sourceTree = "<group>"; };
		4382318D1D01BCD40090FAC9 /* NetWorkMonitor.swift */ = {isa = PBXFileReference; fileEncoding = 4; lastKnownFileType = sourcecode.swift; path = NetWorkMonitor.swift; sourceTree = "<group>"; };
/* End PBXFileReference section */

/* Begin PBXFrameworksBuildPhase section */
		430175E21CF2CA030051D8C9 /* Frameworks */ = {
			isa = PBXFrameworksBuildPhase;
			buildActionMask = 2147483647;
			files = (
			);
			runOnlyForDeploymentPostprocessing = 0;
		};
/* End PBXFrameworksBuildPhase section */

/* Begin PBXGroup section */
		430175DC1CF2CA030051D8C9 = {
			isa = PBXGroup;
			children = (
				430175E71CF2CA030051D8C9 /* Up&Down */,
				430175E61CF2CA030051D8C9 /* Products */,
			);
			sourceTree = "<group>";
		};
		430175E61CF2CA030051D8C9 /* Products */ = {
			isa = PBXGroup;
			children = (
				430175E51CF2CA030051D8C9 /* Up&Down.app */,
			);
			name = Products;
			sourceTree = "<group>";
		};
		430175E71CF2CA030051D8C9 /* Up&Down */ = {
			isa = PBXGroup;
			children = (
				430175F71CF2CB740051D8C9 /* Helpers */,
				430175E81CF2CA030051D8C9 /* AppDelegate.swift */,
				430175FC1CF2CC0D0051D8C9 /* StatusItemView.swift */,
				4382318D1D01BCD40090FAC9 /* NetWorkMonitor.swift */,
				430175EE1CF2CA030051D8C9 /* Main.storyboard */,
				430175F11CF2CA030051D8C9 /* Info.plist */,
				430175EC1CF2CA030051D8C9 /* Assets.xcassets */,
				436AB3971D0FD81600D40F37 /* Localizable.strings */,
			);
			path = "Up&Down";
			sourceTree = "<group>";
		};
		430175F71CF2CB740051D8C9 /* Helpers */ = {
			isa = PBXGroup;
			children = (
				430175F81CF2CBA30051D8C9 /* AutoLaunchHelper.swift */,
				430175FA1CF2CBCF0051D8C9 /* SystemThemeChangeHelper.swift */,
			);
			name = Helpers;
			sourceTree = "<group>";
		};
/* End PBXGroup section */

/* Begin PBXNativeTarget section */
		430175E41CF2CA030051D8C9 /* Up&Down */ = {
			isa = PBXNativeTarget;
			buildConfigurationList = 430175F41CF2CA030051D8C9 /* Build configuration list for PBXNativeTarget "Up&Down" */;
			buildPhases = (
				430175E11CF2CA030051D8C9 /* Sources */,
				430175E21CF2CA030051D8C9 /* Frameworks */,
				430175E31CF2CA030051D8C9 /* Resources */,
			);
			buildRules = (
			);
			dependencies = (
			);
			name = "Up&Down";
			productName = "Up&Down";
			productReference = 430175E51CF2CA030051D8C9 /* Up&Down.app */;
			productType = "com.apple.product-type.application";
		};
/* End PBXNativeTarget section */

/* Begin PBXProject section */
		430175DD1CF2CA030051D8C9 /* Project object */ = {
			isa = PBXProject;
			attributes = {
				LastSwiftUpdateCheck = 0730;
				LastUpgradeCheck = 0800;
				ORGANIZATIONNAME = "郭佳哲";
				TargetAttributes = {
					430175E41CF2CA030051D8C9 = {
						CreatedOnToolsVersion = 7.3.1;
						LastSwiftMigration = 0800;
					};
				};
			};
			buildConfigurationList = 430175E01CF2CA030051D8C9 /* Build configuration list for PBXProject "Up&Down" */;
			compatibilityVersion = "Xcode 3.2";
			developmentRegion = English;
			hasScannedForEncodings = 0;
			knownRegions = (
				en,
				Base,
				"zh-Hans",
			);
			mainGroup = 430175DC1CF2CA030051D8C9;
			productRefGroup = 430175E61CF2CA030051D8C9 /* Products */;
			projectDirPath = "";
			projectRoot = "";
			targets = (
				430175E41CF2CA030051D8C9 /* Up&Down */,
			);
		};
/* End PBXProject section */

/* Begin PBXResourcesBuildPhase section */
		430175E31CF2CA030051D8C9 /* Resources */ = {
			isa = PBXResourcesBuildPhase;
			buildActionMask = 2147483647;
			files = (
				430175ED1CF2CA030051D8C9 /* Assets.xcassets in Resources */,
				436AB3951D0FD81600D40F37 /* Localizable.strings in Resources */,
				430175F01CF2CA030051D8C9 /* Main.storyboard in Resources */,
			);
			runOnlyForDeploymentPostprocessing = 0;
		};
/* End PBXResourcesBuildPhase section */

/* Begin PBXSourcesBuildPhase section */
		430175E11CF2CA030051D8C9 /* Sources */ = {
			isa = PBXSourcesBuildPhase;
			buildActionMask = 2147483647;
			files = (
				4382318E1D01BCD40090FAC9 /* NetWorkMonitor.swift in Sources */,
				430175E91CF2CA030051D8C9 /* AppDelegate.swift in Sources */,
				430175FD1CF2CC0D0051D8C9 /* StatusItemView.swift in Sources */,
				430175F91CF2CBA30051D8C9 /* AutoLaunchHelper.swift in Sources */,
				430175FB1CF2CBCF0051D8C9 /* SystemThemeChangeHelper.swift in Sources */,
			);
			runOnlyForDeploymentPostprocessing = 0;
		};
/* End PBXSourcesBuildPhase section */

/* Begin PBXVariantGroup section */
		430175EE1CF2CA030051D8C9 /* Main.storyboard */ = {
			isa = PBXVariantGroup;
			children = (
				430175EF1CF2CA030051D8C9 /* Base */,
			);
			name = Main.storyboard;
			sourceTree = "<group>";
		};
		436AB3971D0FD81600D40F37 /* Localizable.strings */ = {
			isa = PBXVariantGroup;
			children = (
				436AB3961D0FD81600D40F37 /* en */,
				436AB3991D0FD8D200D40F37 /* zh-Hans */,
				436AB39A1D0FDD8B00D40F37 /* Base */,
			);
			name = Localizable.strings;
			sourceTree = "<group>";
		};
/* End PBXVariantGroup section */

/* Begin XCBuildConfiguration section */
		430175F21CF2CA030051D8C9 /* Debug */ = {
			isa = XCBuildConfiguration;
			buildSettings = {
				ALWAYS_SEARCH_USER_PATHS = NO;
				CLANG_ANALYZER_LOCALIZABILITY_NONLOCALIZED = YES;
				CLANG_ANALYZER_NONNULL = YES;
				CLANG_CXX_LANGUAGE_STANDARD = "gnu++0x";
				CLANG_CXX_LIBRARY = "libc++";
				CLANG_ENABLE_MODULES = YES;
				CLANG_ENABLE_OBJC_ARC = YES;
				CLANG_WARN_BOOL_CONVERSION = YES;
				CLANG_WARN_CONSTANT_CONVERSION = YES;
				CLANG_WARN_DIRECT_OBJC_ISA_USAGE = YES_ERROR;
				CLANG_WARN_EMPTY_BODY = YES;
				CLANG_WARN_ENUM_CONVERSION = YES;
				CLANG_WARN_INFINITE_RECURSION = YES;
				CLANG_WARN_INT_CONVERSION = YES;
				CLANG_WARN_OBJC_ROOT_CLASS = YES_ERROR;
				CLANG_WARN_SUSPICIOUS_MOVE = YES;
				CLANG_WARN_UNREACHABLE_CODE = YES;
				CLANG_WARN__DUPLICATE_METHOD_MATCH = YES;
				CODE_SIGN_IDENTITY = "-";
				COPY_PHASE_STRIP = NO;
				DEBUG_INFORMATION_FORMAT = dwarf;
				ENABLE_STRICT_OBJC_MSGSEND = YES;
				ENABLE_TESTABILITY = YES;
				GCC_C_LANGUAGE_STANDARD = gnu99;
				GCC_DYNAMIC_NO_PIC = NO;
				GCC_NO_COMMON_BLOCKS = YES;
				GCC_OPTIMIZATION_LEVEL = 0;
				GCC_PREPROCESSOR_DEFINITIONS = (
					"DEBUG=1",
					"$(inherited)",
				);
				GCC_WARN_64_TO_32_BIT_CONVERSION = YES;
				GCC_WARN_ABOUT_RETURN_TYPE = YES_ERROR;
				GCC_WARN_UNDECLARED_SELECTOR = YES;
				GCC_WARN_UNINITIALIZED_AUTOS = YES_AGGRESSIVE;
				GCC_WARN_UNUSED_FUNCTION = YES;
				GCC_WARN_UNUSED_VARIABLE = YES;
				MACOSX_DEPLOYMENT_TARGET = 10.11;
				MTL_ENABLE_DEBUG_INFO = YES;
				ONLY_ACTIVE_ARCH = YES;
				SDKROOT = macosx;
				SWIFT_OPTIMIZATION_LEVEL = "-Onone";
			};
			name = Debug;
		};
		430175F31CF2CA030051D8C9 /* Release */ = {
			isa = XCBuildConfiguration;
			buildSettings = {
				ALWAYS_SEARCH_USER_PATHS = NO;
				CLANG_ANALYZER_LOCALIZABILITY_NONLOCALIZED = YES;
				CLANG_ANALYZER_NONNULL = YES;
				CLANG_CXX_LANGUAGE_STANDARD = "gnu++0x";
				CLANG_CXX_LIBRARY = "libc++";
				CLANG_ENABLE_MODULES = YES;
				CLANG_ENABLE_OBJC_ARC = YES;
				CLANG_WARN_BOOL_CONVERSION = YES;
				CLANG_WARN_CONSTANT_CONVERSION = YES;
				CLANG_WARN_DIRECT_OBJC_ISA_USAGE = YES_ERROR;
				CLANG_WARN_EMPTY_BODY = YES;
				CLANG_WARN_ENUM_CONVERSION = YES;
				CLANG_WARN_INFINITE_RECURSION = YES;
				CLANG_WARN_INT_CONVERSION = YES;
				CLANG_WARN_OBJC_ROOT_CLASS = YES_ERROR;
				CLANG_WARN_SUSPICIOUS_MOVE = YES;
				CLANG_WARN_UNREACHABLE_CODE = YES;
				CLANG_WARN__DUPLICATE_METHOD_MATCH = YES;
				CODE_SIGN_IDENTITY = "-";
				COPY_PHASE_STRIP = NO;
				DEBUG_INFORMATION_FORMAT = "dwarf-with-dsym";
				ENABLE_NS_ASSERTIONS = NO;
				ENABLE_STRICT_OBJC_MSGSEND = YES;
				GCC_C_LANGUAGE_STANDARD = gnu99;
				GCC_NO_COMMON_BLOCKS = YES;
				GCC_WARN_64_TO_32_BIT_CONVERSION = YES;
				GCC_WARN_ABOUT_RETURN_TYPE = YES_ERROR;
				GCC_WARN_UNDECLARED_SELECTOR = YES;
				GCC_WARN_UNINITIALIZED_AUTOS = YES_AGGRESSIVE;
				GCC_WARN_UNUSED_FUNCTION = YES;
				GCC_WARN_UNUSED_VARIABLE = YES;
				MACOSX_DEPLOYMENT_TARGET = 10.11;
				MTL_ENABLE_DEBUG_INFO = NO;
				SDKROOT = macosx;
				SWIFT_OPTIMIZATION_LEVEL = "-Owholemodule";
			};
			name = Release;
		};
		430175F51CF2CA030051D8C9 /* Debug */ = {
			isa = XCBuildConfiguration;
			buildSettings = {
				ASSETCATALOG_COMPILER_APPICON_NAME = AppIcon;
				COMBINE_HIDPI_IMAGES = YES;
				INFOPLIST_FILE = "Up&Down/Info.plist";
				LD_RUNPATH_SEARCH_PATHS = "$(inherited) @executable_path/../Frameworks";
				PRODUCT_BUNDLE_IDENTIFIER = "com.gjiazhe.Up-Down";
				PRODUCT_NAME = "$(TARGET_NAME)";
				SWIFT_VERSION = 3.0;
			};
			name = Debug;
		};
		430175F61CF2CA030051D8C9 /* Release */ = {
			isa = XCBuildConfiguration;
			buildSettings = {
				ASSETCATALOG_COMPILER_APPICON_NAME = AppIcon;
				COMBINE_HIDPI_IMAGES = YES;
				INFOPLIST_FILE = "Up&Down/Info.plist";
				LD_RUNPATH_SEARCH_PATHS = "$(inherited) @executable_path/../Frameworks";
				PRODUCT_BUNDLE_IDENTIFIER = "com.gjiazhe.Up-Down";
				PRODUCT_NAME = "$(TARGET_NAME)";
				SWIFT_VERSION = 3.0;
			};
			name = Release;
		};
/* End XCBuildConfiguration section */

/* Begin XCConfigurationList section */
		430175E01CF2CA030051D8C9 /* Build configuration list for PBXProject "Up&Down" */ = {
			isa = XCConfigurationList;
			buildConfigurations = (
				430175F21CF2CA030051D8C9 /* Debug */,
				430175F31CF2CA030051D8C9 /* Release */,
			);
			defaultConfigurationIsVisible = 0;
			defaultConfigurationName = Release;
		};
		430175F41CF2CA030051D8C9 /* Build configuration list for PBXNativeTarget "Up&Down" */ = {
			isa = XCConfigurationList;
			buildConfigurations = (
				430175F51CF2CA030051D8C9 /* Debug */,
				430175F61CF2CA030051D8C9 /* Release */,
			);
			defaultConfigurationIsVisible = 0;
			defaultConfigurationName = Release;
		};
/* End XCConfigurationList section */
	};
	rootObject = 430175DD1CF2CA030051D8C9 /* Project object */;
}
